<Solution>
  <Project Path="Spelunx.Cavern.Orbbec.SDK.csproj" />
  <Project Path="Assembly-CSharp.csproj" />
  <Project Path="Spelunx.Cavern.Orbbec.SDK.Editor.csproj" />
  <Project Path="Assembly-CSharp-firstpass.csproj" />
  <Project Path="OpenAI.Samples.Responses.csproj" />
  <Project Path="Assembly-CSharp-Editor.csproj" />
  <Project Path="Spelunx.Cavern.Orbbec.Libs.Editor.csproj" />
  <Project Path="Assembly-CSharp-Editor-firstpass.csproj" />
</Solution>
